[{<<"base64url">>,
  {git,"https://github.com/dvv/base64url.git",
       {ref,"f2c64ed8b9bebc536fad37ad97243452b674b837"}},
  2},
 {<<"bear">>,
  {git,"git://github.com/boundary/bear.git",
       {ref,"119234548783af19b8ec75c879c5062676b92571"}},
  2},
 {<<"bp_tree">>,
  {git,"https://github.com/onedata/bp_tree.git",
       {ref,"2606c83c697b4c30874fc6c108d1d743283fdb85"}},
  0},
 {<<"cberl">>,
  {git,"ssh://git@git.plgrid.pl:7999/vfs/cberl.git",
       {ref,"5e146a60eff43d10c55a374ad54a68260d5e8743"}},
  0},
 {<<"certifi">>,{pkg,<<"certifi">>,<<"0.7.0">>},3},
 {<<"cluster_manager">>,
  {raw,"ssh://git@git.plgrid.pl:7999/vfs/cluster-manager.git",
       {mod_ref,git,{ref,"03659d5b67beb57bc0b81047ead90571f607856c"},[]}},
  0},
 {<<"cowboy">>,
  {git,"git://github.com/ninenines/cowboy.git",
       {ref,"8d49ae3dda5b4274e55d2f4e5a5b4da0515b5a10"}},
  0},
 {<<"cowlib">>,
  {git,"https://github.com/ninenines/cowlib",
       {ref,"3ef5b48a028bb66f82b452c98ae515903096641c"}},
  1},
 {<<"ctool">>,
  {git,"ssh://git@git.plgrid.pl:7999/vfs/ctool.git",
       {ref,"616e5b8a8e14b12cddbecc72601f1c8bb2e0759a"}},
  0},
 {<<"enacl_p">>,
  {git,"https://github.com/kzemek/enacl_p.git",
       {ref,"ea22638b684a79eba831d2df54666905bd451b15"}},
  2},
 {<<"exometer_core">>,
  {git,"https://github.com/Feuerlabs/exometer_core.git",
       {ref,"09c2a9361c0295c977e441ef89382db964a64460"}},
  0},
 {<<"exometer_graphite">>,
  {git,"https://github.com/jakud/exometer_graphite.git",
       {ref,"1ea3cd5aaaf3003f669bb24dfad06b34291efd02"}},
  0},
 {<<"exometer_lager">>,
  {git,"https://github.com/fairwaves/exometer_lager.git",
       {ref,"887f24fa7a26309c3d77c996e8cbb2fd7d2a3116"}},
  0},
 {<<"folsom">>,
  {git,"git://github.com/folsom-project/folsom",
       {ref,"38e2cce7c64ce1f0a3a918d90394cfc0a940b1ba"}},
  1},
 {<<"gen_server2">>,
  {git,"http://github.com/kzemek/gen_server2.git",
       {ref,"825c489ed8e4afd410d739af8553c4d7d6d8ad61"}},
  0},
 {<<"gen_smtp">>,
  {git,"git://github.com/Vagabond/gen_smtp.git",
       {ref,"2ea8bb995adf32102f523cef93ae98e287ac77d1"}},
  1},
 {<<"goldrush">>,
  {git,"https://github.com/basho/goldrush.git",
       {ref,"8f1b715d36b650ec1e1f5612c00e28af6ab0de82"}},
  2},
 {<<"hackney">>,
  {git,"git://github.com/benoitc/hackney.git",
       {ref,"d80d4d919acadbddea171fab31e040773c99ad49"}},
  2},
 {<<"hut">>,
  {git,"git://github.com/tolbrino/hut.git",
       {ref,"025540398478ab6f95932c3234382ac5bb21ad3e"}},
  1},
 {<<"idna">>,{pkg,<<"idna">>,<<"1.2.0">>},3},
 {<<"jiffy">>,
  {git,"git://github.com/davisp/jiffy.git",
       {ref,"a13b9e1ec9849a3bc385fdbd42d5de63c6681bf5"}},
  1},
 {<<"lager">>,
  {git,"git://github.com/erlang-lager/lager.git",
       {ref,"81eaef0ce98fdbf64ab95665e3bc2ec4b24c7dac"}},
  1},
 {<<"locks">>,
  {git,"https://github.com/uwiger/locks.git",
       {ref,"c9b585adcf7cbd347e516ccc3406e03a04a46731"}},
  0},
 {<<"macaroons">>,
  {git,"https://github.com/kzemek/macaroons.git",
       {ref,"b15b13f1747210caf1152fc4444239d90b1b21cd"}},
  1},
 {<<"meck">>,
  {git,"https://github.com/eproxus/meck.git",
       {ref,"ad8374ce5bdb0bb05d9f5a75d989157361902c3c"}},
  1},
 {<<"metrics">>,{pkg,<<"metrics">>,<<"1.0.1">>},3},
 {<<"mimerl">>,{pkg,<<"mimerl">>,<<"1.0.2">>},3},
 {<<"mochiweb">>,
  {git,"https://github.com/mochi/mochiweb.git",
       {ref,"925a7837ebe500bbfc2698a72340d2b2e58cd5df"}},
  1},
 {<<"node_package">>,
  {git,"git://github.com/xorver/node_package.git",
       {ref,"debc7bb49d39d981dedd768d83a6a33a4fb59851"}},
  0},
 {<<"parse_trans">>,
  {git,"git://github.com/uwiger/parse_trans.git",
       {ref,"6f3645afb43c7c57d61b54ef59aecab288ce1013"}},
  1},
 {<<"plain_fsm">>,
  {git,"git://github.com/uwiger/plain_fsm.git",
       {ref,"1de45fba4caccbc76df0b109e7581d0fc6a2e67b"}},
  1},
 {<<"ranch">>,
  {git,"https://github.com/ninenines/ranch",
       {ref,"55c2a9d623454f372a15e99721a37093d8773b48"}},
  1},
 {<<"setup">>,
  {git,"git://github.com/uwiger/setup.git",
       {ref,"e4a089f743505f1166e026c51989f041da7b2f6d"}},
  1},
 {<<"ssl_verify_fun">>,{pkg,<<"ssl_verify_fun">>,<<"1.1.1">>},3},
 {<<"web_client">>,
  {git,"ssh://git@git.plgrid.pl:7999/vfs/web-client.git",
       {ref,"6b46972aed5bf4a170fb3dd40a50444e9533fac8"}},
  1},
 {<<"worker_pool">>,
  {git,"https://github.com/inaka/worker_pool",
       {ref,"ae5aa2e5819f7cce3aa3fbc50d39743de3515cdc"}},
  0}].
