{"1.1.0",
[{<<"base64url">>,
  {git,"https://github.com/dvv/base64url.git",
       {ref,"f2c64ed8b9bebc536fad37ad97243452b674b837"}},
  2},
 {<<"bear">>,
  {git,"git://github.com/boundary/bear.git",
       {ref,"119234548783af19b8ec75c879c5062676b92571"}},
  2},
 {<<"bp_tree">>,
  {git,"https://github.com/onedata/bp_tree.git",
       {ref,"c0b7b0573910b506b11fb063563ae500c41d1863"}},
  0},
 {<<"cberl">>,
  {git,"ssh://git@git.onedata.org:7999/vfs/cberl.git",
       {ref,"6329a00fa4b9be757b939d2be573e22b8c24476e"}},
  0},
 {<<"certifi">>,{pkg,<<"certifi">>,<<"0.7.0">>},2},
 {<<"cluster_manager">>,
  {raw,"ssh://git@git.onedata.org:7999/vfs/cluster-manager.git",
       {mod_ref,git,{ref,"2e8c23bb2287a5a5a7f7bf041f70a21b4860c133"},[]}},
  0},
 {<<"cowboy">>,
  {git,"git://github.com/ninenines/cowboy.git",
       {ref,"a7b06f2e138c0c03c2511ed9fe6803fc9ebf3401"}},
  1},
 {<<"cowlib">>,
  {git,"https://github.com/ninenines/cowlib",
       {ref,"b6381527831c5ebb74759e119a517b7d22d4b23a"}},
  2},
 {<<"ctool">>,
  {git,"ssh://git@git.onedata.org:7999/vfs/ctool.git",
       {ref,"97f930de509ac74ca8041e8e69a6932152609d50"}},
  0},
 {<<"edown">>,
  {git,"git://github.com/uwiger/edown.git",
       {ref,"b7c8eb0ac1859f8fce11cbfe3526f5ec83194776"}},
  2},
 {<<"enacl_p">>,
  {git,"https://github.com/kzemek/enacl_p.git",
       {ref,"ea22638b684a79eba831d2df54666905bd451b15"}},
  2},
 {<<"exometer_core">>,
  {git,"https://github.com/onedata/exometer_core.git",
       {ref,"4602433887790941c4285daf0ef71be38b3c6d14"}},
  0},
 {<<"exometer_graphite">>,
  {git,"https://github.com/jakud/exometer_graphite.git",
       {ref,"1ea3cd5aaaf3003f669bb24dfad06b34291efd02"}},
  0},
 {<<"exometer_lager">>,
  {git,"https://github.com/onedata/exometer_lager.git",
       {ref,"3ee87b868b618fab43e564227d97902b527c22ca"}},
  0},
 {<<"folsom">>,
  {git,"git://github.com/folsom-project/folsom",
       {ref,"38e2cce7c64ce1f0a3a918d90394cfc0a940b1ba"}},
  1},
 {<<"gen_server2">>,
  {git,"http://github.com/kzemek/gen_server2.git",
       {ref,"825c489ed8e4afd410d739af8553c4d7d6d8ad61"}},
  0},
 {<<"gen_smtp">>,
  {git,"git://github.com/Vagabond/gen_smtp.git",
       {ref,"2ea8bb995adf32102f523cef93ae98e287ac77d1"}},
  1},
 {<<"goldrush">>,{pkg,<<"goldrush">>,<<"0.1.9">>},2},
 {<<"hackney">>,
  {git,"git://github.com/bwalkowi/hackney.git",
       {ref,"d80d4d919acadbddea171fab31e040773c99ad49"}},
  1},
 {<<"hut">>,
  {git,"git://github.com/tolbrino/hut.git",
       {ref,"025540398478ab6f95932c3234382ac5bb21ad3e"}},
  1},
 {<<"idna">>,{pkg,<<"idna">>,<<"1.2.0">>},2},
 {<<"iso8601">>,
  {git,"https://github.com/xorver/erlang_iso8601.git",
       {ref,"72013b0a8d757ee95bb560541e29bfa4461c5232"}},
  1},
 {<<"jiffy">>,
  {git,"git://github.com/davisp/jiffy.git",
       {ref,"a13b9e1ec9849a3bc385fdbd42d5de63c6681bf5"}},
  1},
 {<<"lager">>,{pkg,<<"lager">>,<<"3.6.1">>},1},
 {<<"locks">>,
  {git,"https://github.com/uwiger/locks.git",
       {ref,"c9b585adcf7cbd347e516ccc3406e03a04a46731"}},
  0},
 {<<"locus">>,
  {git,"https://github.com/g-andrade/locus.git",
       {ref,"638063fb9b2d81cfd0b219eee76ae43197ab4433"}},
  1},
 {<<"macaroons">>,
  {git,"ssh://git@git.onedata.org:7999/vfs/macaroons.git",
       {ref,"3f0c82f1caea8268ca35d0c9c7b0fb5892dac33f"}},
  1},
 {<<"meck">>,
  {git,"https://github.com/eproxus/meck.git",
       {ref,"030a2f167c599921e1f1dde82facc33ebd702239"}},
  1},
 {<<"metrics">>,{pkg,<<"metrics">>,<<"1.0.1">>},2},
 {<<"mimerl">>,{pkg,<<"mimerl">>,<<"1.0.2">>},2},
 {<<"node_package">>,
  {git,"git://github.com/xorver/node_package.git",
       {ref,"debc7bb49d39d981dedd768d83a6a33a4fb59851"}},
  0},
 {<<"parse_trans">>,
  {git,"git://github.com/uwiger/parse_trans.git",
       {ref,"a210adafdfbb904d156d8f22abd5fb58fc17de1e"}},
  1},
 {<<"plain_fsm">>,
  {git,"git://github.com/uwiger/plain_fsm.git",
       {ref,"1de45fba4caccbc76df0b109e7581d0fc6a2e67b"}},
  1},
 {<<"ranch">>,
  {git,"https://github.com/ninenines/ranch",
       {ref,"55c2a9d623454f372a15e99721a37093d8773b48"}},
  2},
 {<<"setup">>,
  {git,"git://github.com/uwiger/setup.git",
       {ref,"76124131ac11bdb0112fb47a244784e152531dad"}},
  1},
 {<<"ssl_verify_fun">>,{pkg,<<"ssl_verify_fun">>,<<"1.1.1">>},2},
 {<<"stacktrace_compat">>,{pkg,<<"stacktrace_compat">>,<<"1.0.2">>},2},
 {<<"worker_pool">>,
  {git,"https://github.com/inaka/worker_pool",
       {ref,"ae5aa2e5819f7cce3aa3fbc50d39743de3515cdc"}},
  0}]}.
[
{pkg_hash,[
 {<<"certifi">>, <<"861A57F3808F7EB0C2D1802AFEAAE0FA5DE813B0DF0979153CBAFCD853ABABAF">>},
 {<<"goldrush">>, <<"F06E5D5F1277DA5C413E84D5A2924174182FB108DABB39D5EC548B27424CD106">>},
 {<<"idna">>, <<"AC62EE99DA068F43C50DC69ACF700E03A62A348360126260E87F2B54ECED86B2">>},
 {<<"lager">>, <<"9D29C5FF7F926D25ECD9899990867C9152DCF34EEE65BAC8EC0DFC0D16A26E0C">>},
 {<<"metrics">>, <<"25F094DEA2CDA98213CECC3AEFF09E940299D950904393B2A29D191C346A8486">>},
 {<<"mimerl">>, <<"993F9B0E084083405ED8252B99460C4F0563E41729AB42D9074FD5E52439BE88">>},
 {<<"ssl_verify_fun">>, <<"28A4D65B7F59893BC2C7DE786DEC1E1555BD742D336043FE644AE956C3497FBE">>},
 {<<"stacktrace_compat">>, <<"8AD31C32C9A0EADB1EB298F04DC8B0C8D79BCC6233A638B02791FFCA4F331275">>}]}
].
